{
  "meteor": {
    "git": "https://github.com/meteor/meteor.git",
    "tag": "release/0.6.0",
    "commit": "bb9e78f562d1b93a82bb8ca254d3714f82abb677"
  },
  "dependencies": {
    "basePackages": {
      "collection-api": {
        "git": "https://github.com/DracoLi/meteor-collectionapi",
        "branch": "master"
      },
      "normalize.css": {}
    },
    "packages": {
      "collection-api": {
        "git": "https://github.com/DracoLi/meteor-collectionapi",
        "branch": "master",
        "commit": "fd9aeb716c1f98f0a5c63ce71bc956d013a8bd9c"
      },
      "normalize.css": {
        "git": "https://github.com/rithis/meteor-normalize.css",
        "tag": "v2.0.1",
        "commit": "671aba13223dd7d7ec1d26a6b2461943d7c4fa18"
      }
    }
  }
}
