{
  "meteor": {
    "git": "https://github.com/meteor/meteor.git",
    "tag": "release/0.6.0",
    "commit": "caaec1c7e370668620179f7cbadf02c035d56c1b"
  },
  "dependencies": {
    "basePackages": {
      "collection-api": {
        "git": "https://github.com/DracoLi/meteor-collectionapi",
        "branch": "master"
      },
      "normalize.css": {}
    },
    "packages": {
      "collection-api": {
        "git": "https://github.com/DracoLi/meteor-collectionapi",
        "branch": "master",
        "commit": "722e7c3716275e59d96ae2f1d3781dbf0d16a953"
      },
      "normalize.css": {
        "git": "https://github.com/rithis/meteor-normalize.css",
        "tag": "v2.0.1",
        "commit": "671aba13223dd7d7ec1d26a6b2461943d7c4fa18"
      }
    }
  }
}
